// !$*UTF8*$!
{
	archiveVersion = 1;
	classes = {
	};
	objectVersion = 56;
	objects = {

/* Begin PBXBuildFile section */
		042E3E792A5DA3E8005BCFA8 /* GFunctions.swift in Sources */ = {isa = PBXBuildFile; fileRef = 042E3E782A5DA3E8005BCFA8 /* GFunctions.swift */; };
		043B99142A5C788F0015D6F0 /* ImageDownloader.swift in Sources */ = {isa = PBXBuildFile; fileRef = 043B99132A5C788F0015D6F0 /* ImageDownloader.swift */; };
		043B99162A5C80530015D6F0 /* CharacterDetailsViewController.swift in Sources */ = {isa = PBXBuildFile; fileRef = 043B99152A5C80530015D6F0 /* CharacterDetailsViewController.swift */; };
		0474ED9B2A5C343300989805 /* AppDelegate.swift in Sources */ = {isa = PBXBuildFile; fileRef = 0474ED9A2A5C343300989805 /* AppDelegate.swift */; };
		0474ED9D2A5C343300989805 /* SceneDelegate.swift in Sources */ = {isa = PBXBuildFile; fileRef = 0474ED9C2A5C343300989805 /* SceneDelegate.swift */; };
		0474ED9F2A5C343300989805 /* HomeViewController.swift in Sources */ = {isa = PBXBuildFile; fileRef = 0474ED9E2A5C343300989805 /* HomeViewController.swift */; };
		0474EDA22A5C343300989805 /* Main.storyboard in Resources */ = {isa = PBXBuildFile; fileRef = 0474EDA02A5C343300989805 /* Main.storyboard */; };
		0474EDA42A5C343500989805 /* Assets.xcassets in Resources */ = {isa = PBXBuildFile; fileRef = 0474EDA32A5C343500989805 /* Assets.xcassets */; };
		0474EDA72A5C343500989805 /* LaunchScreen.storyboard in Resources */ = {isa = PBXBuildFile; fileRef = 0474EDA52A5C343500989805 /* LaunchScreen.storyboard */; };
		0474EDB22A5C343500989805 /* MarvelTests.swift in Sources */ = {isa = PBXBuildFile; fileRef = 0474EDB12A5C343500989805 /* MarvelTests.swift */; };
		0474EDBC2A5C343600989805 /* MarvelUITests.swift in Sources */ = {isa = PBXBuildFile; fileRef = 0474EDBB2A5C343600989805 /* MarvelUITests.swift */; };
		0474EDBE2A5C343600989805 /* MarvelUITestsLaunchTests.swift in Sources */ = {isa = PBXBuildFile; fileRef = 0474EDBD2A5C343600989805 /* MarvelUITestsLaunchTests.swift */; };
		0474EDD02A5C370C00989805 /* GoogleService-Info.plist in Resources */ = {isa = PBXBuildFile; fileRef = 0474EDCF2A5C370C00989805 /* GoogleService-Info.plist */; };
		0474EDD22A5C3E6200989805 /* MarvelAPI.swift in Sources */ = {isa = PBXBuildFile; fileRef = 0474EDD12A5C3E6200989805 /* MarvelAPI.swift */; };
		0474EDD52A5C43E800989805 /* MVLHeroesService.swift in Sources */ = {isa = PBXBuildFile; fileRef = 0474EDD42A5C43E800989805 /* MVLHeroesService.swift */; };
		0474EDD82A5C443500989805 /* CharacterDataWrapper.swift in Sources */ = {isa = PBXBuildFile; fileRef = 0474EDD72A5C443500989805 /* CharacterDataWrapper.swift */; };
		0474EDDA2A5C446C00989805 /* CharacterDataContainer.swift in Sources */ = {isa = PBXBuildFile; fileRef = 0474EDD92A5C446C00989805 /* CharacterDataContainer.swift */; };
		0474EDDC2A5C452400989805 /* Character.swift in Sources */ = {isa = PBXBuildFile; fileRef = 0474EDDB2A5C452400989805 /* Character.swift */; };
		0474EDDE2A5C46E900989805 /* Image.swift in Sources */ = {isa = PBXBuildFile; fileRef = 0474EDDD2A5C46E900989805 /* Image.swift */; };
		0474EDE02A5C471500989805 /* SeriesList.swift in Sources */ = {isa = PBXBuildFile; fileRef = 0474EDDF2A5C471500989805 /* SeriesList.swift */; };
		0474EDE22A5C478600989805 /* SeriesSummary.swift in Sources */ = {isa = PBXBuildFile; fileRef = 0474EDE12A5C478600989805 /* SeriesSummary.swift */; };
		0474EDE52A5C47E900989805 /* CharacterOptions.swift in Sources */ = {isa = PBXBuildFile; fileRef = 0474EDE42A5C47E900989805 /* CharacterOptions.swift */; };
		0474EDE72A5C484D00989805 /* md5.swift in Sources */ = {isa = PBXBuildFile; fileRef = 0474EDE62A5C484D00989805 /* md5.swift */; };
		04CAA14E2A5C6C2700690D17 /* ThumbCharacterTableViewCell.swift in Sources */ = {isa = PBXBuildFile; fileRef = 04CAA14C2A5C6C2700690D17 /* ThumbCharacterTableViewCell.swift */; };
		04CAA14F2A5C6C2700690D17 /* ThumbCharacterTableViewCell.xib in Resources */ = {isa = PBXBuildFile; fileRef = 04CAA14D2A5C6C2700690D17 /* ThumbCharacterTableViewCell.xib */; };
		06B26B353BA83FA2540C7DFD /* Pods_MarvelTests.framework in Frameworks */ = {isa = PBXBuildFile; fileRef = 60851DD0E14D03576095F6B6 /* Pods_MarvelTests.framework */; };
		2B38578C5B01D637818DDD36 /* Pods_Marvel_MarvelUITests.framework in Frameworks */ = {isa = PBXBuildFile; fileRef = D6D5F64A1D26E5B8105275B3 /* Pods_Marvel_MarvelUITests.framework */; };
		FA15A14B97062B36A4FB4FFA /* Pods_Marvel.framework in Frameworks */ = {isa = PBXBuildFile; fileRef = 489D6F6679969DCF87146570 /* Pods_Marvel.framework */; };
/* End PBXBuildFile section */

/* Begin PBXContainerItemProxy section */
		0474EDAE2A5C343500989805 /* PBXContainerItemProxy */ = {
			isa = PBXContainerItemProxy;
			containerPortal = 0474ED8F2A5C343300989805 /* Project object */;
			proxyType = 1;
			remoteGlobalIDString = 0474ED962A5C343300989805;
			remoteInfo = Marvel;
		};
		0474EDB82A5C343600989805 /* PBXContainerItemProxy */ = {
			isa = PBXContainerItemProxy;
			containerPortal = 0474ED8F2A5C343300989805 /* Project object */;
			proxyType = 1;
			remoteGlobalIDString = 0474ED962A5C343300989805;
			remoteInfo = Marvel;
		};
/* End PBXContainerItemProxy section */

/* Begin PBXFileReference section */
		042E3E782A5DA3E8005BCFA8 /* GFunctions.swift */ = {isa = PBXFileReference; lastKnownFileType = sourcecode.swift; path = GFunctions.swift; sourceTree = "<group>"; };
		043B99132A5C788F0015D6F0 /* ImageDownloader.swift */ = {isa = PBXFileReference; lastKnownFileType = sourcecode.swift; path = ImageDownloader.swift; sourceTree = "<group>"; };
		043B99152A5C80530015D6F0 /* CharacterDetailsViewController.swift */ = {isa = PBXFileReference; lastKnownFileType = sourcecode.swift; path = CharacterDetailsViewController.swift; sourceTree = "<group>"; };
		0474ED972A5C343300989805 /* Marvel.app */ = {isa = PBXFileReference; explicitFileType = wrapper.application; includeInIndex = 0; path = Marvel.app; sourceTree = BUILT_PRODUCTS_DIR; };
		0474ED9A2A5C343300989805 /* AppDelegate.swift */ = {isa = PBXFileReference; lastKnownFileType = sourcecode.swift; path = AppDelegate.swift; sourceTree = "<group>"; };
		0474ED9C2A5C343300989805 /* SceneDelegate.swift */ = {isa = PBXFileReference; lastKnownFileType = sourcecode.swift; path = SceneDelegate.swift; sourceTree = "<group>"; };
		0474ED9E2A5C343300989805 /* HomeViewController.swift */ = {isa = PBXFileReference; lastKnownFileType = sourcecode.swift; path = HomeViewController.swift; sourceTree = "<group>"; };
		0474EDA12A5C343300989805 /* Base */ = {isa = PBXFileReference; lastKnownFileType = file.storyboard; name = Base; path = Base.lproj/Main.storyboard; sourceTree = "<group>"; };
		0474EDA32A5C343500989805 /* Assets.xcassets */ = {isa = PBXFileReference; lastKnownFileType = folder.assetcatalog; path = Assets.xcassets; sourceTree = "<group>"; };
		0474EDA62A5C343500989805 /* Base */ = {isa = PBXFileReference; lastKnownFileType = file.storyboard; name = Base; path = Base.lproj/LaunchScreen.storyboard; sourceTree = "<group>"; };
		0474EDA82A5C343500989805 /* Info.plist */ = {isa = PBXFileReference; lastKnownFileType = text.plist.xml; path = Info.plist; sourceTree = "<group>"; };
		0474EDAD2A5C343500989805 /* MarvelTests.xctest */ = {isa = PBXFileReference; explicitFileType = wrapper.cfbundle; includeInIndex = 0; path = MarvelTests.xctest; sourceTree = BUILT_PRODUCTS_DIR; };
		0474EDB12A5C343500989805 /* MarvelTests.swift */ = {isa = PBXFileReference; lastKnownFileType = sourcecode.swift; path = MarvelTests.swift; sourceTree = "<group>"; };
		0474EDB72A5C343600989805 /* MarvelUITests.xctest */ = {isa = PBXFileReference; explicitFileType = wrapper.cfbundle; includeInIndex = 0; path = MarvelUITests.xctest; sourceTree = BUILT_PRODUCTS_DIR; };
		0474EDBB2A5C343600989805 /* MarvelUITests.swift */ = {isa = PBXFileReference; lastKnownFileType = sourcecode.swift; path = MarvelUITests.swift; sourceTree = "<group>"; };
		0474EDBD2A5C343600989805 /* MarvelUITestsLaunchTests.swift */ = {isa = PBXFileReference; lastKnownFileType = sourcecode.swift; path = MarvelUITestsLaunchTests.swift; sourceTree = "<group>"; };
		0474EDCF2A5C370C00989805 /* GoogleService-Info.plist */ = {isa = PBXFileReference; fileEncoding = 4; lastKnownFileType = text.plist.xml; path = "GoogleService-Info.plist"; sourceTree = "<group>"; };
		0474EDD12A5C3E6200989805 /* MarvelAPI.swift */ = {isa = PBXFileReference; lastKnownFileType = sourcecode.swift; path = MarvelAPI.swift; sourceTree = "<group>"; };
		0474EDD42A5C43E800989805 /* MVLHeroesService.swift */ = {isa = PBXFileReference; lastKnownFileType = sourcecode.swift; path = MVLHeroesService.swift; sourceTree = "<group>"; };
		0474EDD72A5C443500989805 /* CharacterDataWrapper.swift */ = {isa = PBXFileReference; lastKnownFileType = sourcecode.swift; path = CharacterDataWrapper.swift; sourceTree = "<group>"; };
		0474EDD92A5C446C00989805 /* CharacterDataContainer.swift */ = {isa = PBXFileReference; fileEncoding = 4; lastKnownFileType = sourcecode.swift; path = CharacterDataContainer.swift; sourceTree = "<group>"; };
		0474EDDB2A5C452400989805 /* Character.swift */ = {isa = PBXFileReference; lastKnownFileType = sourcecode.swift; path = Character.swift; sourceTree = "<group>"; };
		0474EDDD2A5C46E900989805 /* Image.swift */ = {isa = PBXFileReference; lastKnownFileType = sourcecode.swift; path = Image.swift; sourceTree = "<group>"; };
		0474EDDF2A5C471500989805 /* SeriesList.swift */ = {isa = PBXFileReference; lastKnownFileType = sourcecode.swift; path = SeriesList.swift; sourceTree = "<group>"; };
		0474EDE12A5C478600989805 /* SeriesSummary.swift */ = {isa = PBXFileReference; lastKnownFileType = sourcecode.swift; path = SeriesSummary.swift; sourceTree = "<group>"; };
		0474EDE42A5C47E900989805 /* CharacterOptions.swift */ = {isa = PBXFileReference; lastKnownFileType = sourcecode.swift; path = CharacterOptions.swift; sourceTree = "<group>"; };
		0474EDE62A5C484D00989805 /* md5.swift */ = {isa = PBXFileReference; lastKnownFileType = sourcecode.swift; path = md5.swift; sourceTree = "<group>"; };
		04CAA14C2A5C6C2700690D17 /* ThumbCharacterTableViewCell.swift */ = {isa = PBXFileReference; lastKnownFileType = sourcecode.swift; path = ThumbCharacterTableViewCell.swift; sourceTree = "<group>"; };
		04CAA14D2A5C6C2700690D17 /* ThumbCharacterTableViewCell.xib */ = {isa = PBXFileReference; lastKnownFileType = file.xib; path = ThumbCharacterTableViewCell.xib; sourceTree = "<group>"; };
		489D6F6679969DCF87146570 /* Pods_Marvel.framework */ = {isa = PBXFileReference; explicitFileType = wrapper.framework; includeInIndex = 0; path = Pods_Marvel.framework; sourceTree = BUILT_PRODUCTS_DIR; };
		4A9AB02E779E997052A53EDD /* Pods-MarvelTests.release.xcconfig */ = {isa = PBXFileReference; includeInIndex = 1; lastKnownFileType = text.xcconfig; name = "Pods-MarvelTests.release.xcconfig"; path = "Target Support Files/Pods-MarvelTests/Pods-MarvelTests.release.xcconfig"; sourceTree = "<group>"; };
		60851DD0E14D03576095F6B6 /* Pods_MarvelTests.framework */ = {isa = PBXFileReference; explicitFileType = wrapper.framework; includeInIndex = 0; path = Pods_MarvelTests.framework; sourceTree = BUILT_PRODUCTS_DIR; };
		6469623646A74A35B7A8F030 /* Pods-Marvel.release.xcconfig */ = {isa = PBXFileReference; includeInIndex = 1; lastKnownFileType = text.xcconfig; name = "Pods-Marvel.release.xcconfig"; path = "Target Support Files/Pods-Marvel/Pods-Marvel.release.xcconfig"; sourceTree = "<group>"; };
		70DBAA14FD5C897E72703EDD /* Pods-Marvel-MarvelUITests.release.xcconfig */ = {isa = PBXFileReference; includeInIndex = 1; lastKnownFileType = text.xcconfig; name = "Pods-Marvel-MarvelUITests.release.xcconfig"; path = "Target Support Files/Pods-Marvel-MarvelUITests/Pods-Marvel-MarvelUITests.release.xcconfig"; sourceTree = "<group>"; };
		AE6E71F7C82B46DF0694A5C1 /* Pods-Marvel.debug.xcconfig */ = {isa = PBXFileReference; includeInIndex = 1; lastKnownFileType = text.xcconfig; name = "Pods-Marvel.debug.xcconfig"; path = "Target Support Files/Pods-Marvel/Pods-Marvel.debug.xcconfig"; sourceTree = "<group>"; };
		D3983FA9614061806AE931ED /* Pods-MarvelTests.debug.xcconfig */ = {isa = PBXFileReference; includeInIndex = 1; lastKnownFileType = text.xcconfig; name = "Pods-MarvelTests.debug.xcconfig"; path = "Target Support Files/Pods-MarvelTests/Pods-MarvelTests.debug.xcconfig"; sourceTree = "<group>"; };
		D6D5F64A1D26E5B8105275B3 /* Pods_Marvel_MarvelUITests.framework */ = {isa = PBXFileReference; explicitFileType = wrapper.framework; includeInIndex = 0; path = Pods_Marvel_MarvelUITests.framework; sourceTree = BUILT_PRODUCTS_DIR; };
		DF775D449D480B97F8028AA0 /* Pods-Marvel-MarvelUITests.debug.xcconfig */ = {isa = PBXFileReference; includeInIndex = 1; lastKnownFileType = text.xcconfig; name = "Pods-Marvel-MarvelUITests.debug.xcconfig"; path = "Target Support Files/Pods-Marvel-MarvelUITests/Pods-Marvel-MarvelUITests.debug.xcconfig"; sourceTree = "<group>"; };
/* End PBXFileReference section */

/* Begin PBXFrameworksBuildPhase section */
		0474ED942A5C343300989805 /* Frameworks */ = {
			isa = PBXFrameworksBuildPhase;
			buildActionMask = 2147483647;
			files = (
				FA15A14B97062B36A4FB4FFA /* Pods_Marvel.framework in Frameworks */,
			);
			runOnlyForDeploymentPostprocessing = 0;
		};
		0474EDAA2A5C343500989805 /* Frameworks */ = {
			isa = PBXFrameworksBuildPhase;
			buildActionMask = 2147483647;
			files = (
				06B26B353BA83FA2540C7DFD /* Pods_MarvelTests.framework in Frameworks */,
			);
			runOnlyForDeploymentPostprocessing = 0;
		};
		0474EDB42A5C343600989805 /* Frameworks */ = {
			isa = PBXFrameworksBuildPhase;
			buildActionMask = 2147483647;
			files = (
				2B38578C5B01D637818DDD36 /* Pods_Marvel_MarvelUITests.framework in Frameworks */,
			);
			runOnlyForDeploymentPostprocessing = 0;
		};
/* End PBXFrameworksBuildPhase section */

/* Begin PBXGroup section */
		042E3E772A5DA3D6005BCFA8 /* Loader+Alert */ = {
			isa = PBXGroup;
			children = (
				042E3E782A5DA3E8005BCFA8 /* GFunctions.swift */,
			);
			path = "Loader+Alert";
			sourceTree = "<group>";
		};
		043B99122A5C78650015D6F0 /* Alomafire */ = {
			isa = PBXGroup;
			children = (
				043B99132A5C788F0015D6F0 /* ImageDownloader.swift */,
			);
			path = Alomafire;
			sourceTree = "<group>";
		};
		0474ED8E2A5C343300989805 = {
			isa = PBXGroup;
			children = (
				0474ED992A5C343300989805 /* Marvel */,
				0474EDB02A5C343500989805 /* MarvelTests */,
				0474EDBA2A5C343600989805 /* MarvelUITests */,
				0474ED982A5C343300989805 /* Products */,
				E1AD43B9CDD2573DFF40EAC2 /* Pods */,
				F7C4A21F6015BF18C45CD66F /* Frameworks */,
			);
			sourceTree = "<group>";
		};
		0474ED982A5C343300989805 /* Products */ = {
			isa = PBXGroup;
			children = (
				0474ED972A5C343300989805 /* Marvel.app */,
				0474EDAD2A5C343500989805 /* MarvelTests.xctest */,
				0474EDB72A5C343600989805 /* MarvelUITests.xctest */,
			);
			name = Products;
			sourceTree = "<group>";
		};
		0474ED992A5C343300989805 /* Marvel */ = {
			isa = PBXGroup;
			children = (
				042E3E772A5DA3D6005BCFA8 /* Loader+Alert */,
				043B99122A5C78650015D6F0 /* Alomafire */,
				04CAA14B2A5C6B8200690D17 /* Cells */,
				0474EDE32A5C47D000989805 /* Options */,
				0474EDD62A5C442200989805 /* Models */,
				0474EDD32A5C43D200989805 /* Service */,
				0474EDCF2A5C370C00989805 /* GoogleService-Info.plist */,
				0474ED9A2A5C343300989805 /* AppDelegate.swift */,
				0474ED9C2A5C343300989805 /* SceneDelegate.swift */,
				0474ED9E2A5C343300989805 /* HomeViewController.swift */,
				043B99152A5C80530015D6F0 /* CharacterDetailsViewController.swift */,
				0474EDA02A5C343300989805 /* Main.storyboard */,
				0474EDA32A5C343500989805 /* Assets.xcassets */,
				0474EDA52A5C343500989805 /* LaunchScreen.storyboard */,
				0474EDA82A5C343500989805 /* Info.plist */,
				0474EDE62A5C484D00989805 /* md5.swift */,
			);
			path = Marvel;
			sourceTree = "<group>";
		};
		0474EDB02A5C343500989805 /* MarvelTests */ = {
			isa = PBXGroup;
			children = (
				0474EDB12A5C343500989805 /* MarvelTests.swift */,
			);
			path = MarvelTests;
			sourceTree = "<group>";
		};
		0474EDBA2A5C343600989805 /* MarvelUITests */ = {
			isa = PBXGroup;
			children = (
				0474EDBB2A5C343600989805 /* MarvelUITests.swift */,
				0474EDBD2A5C343600989805 /* MarvelUITestsLaunchTests.swift */,
			);
			path = MarvelUITests;
			sourceTree = "<group>";
		};
		0474EDD32A5C43D200989805 /* Service */ = {
			isa = PBXGroup;
			children = (
				0474EDD12A5C3E6200989805 /* MarvelAPI.swift */,
				0474EDD42A5C43E800989805 /* MVLHeroesService.swift */,
			);
			path = Service;
			sourceTree = "<group>";
		};
		0474EDD62A5C442200989805 /* Models */ = {
			isa = PBXGroup;
			children = (
				0474EDD72A5C443500989805 /* CharacterDataWrapper.swift */,
				0474EDD92A5C446C00989805 /* CharacterDataContainer.swift */,
				0474EDDB2A5C452400989805 /* Character.swift */,
				0474EDDD2A5C46E900989805 /* Image.swift */,
				0474EDDF2A5C471500989805 /* SeriesList.swift */,
				0474EDE12A5C478600989805 /* SeriesSummary.swift */,
			);
			path = Models;
			sourceTree = "<group>";
		};
		0474EDE32A5C47D000989805 /* Options */ = {
			isa = PBXGroup;
			children = (
				0474EDE42A5C47E900989805 /* CharacterOptions.swift */,
			);
			path = Options;
			sourceTree = "<group>";
		};
		04CAA14B2A5C6B8200690D17 /* Cells */ = {
			isa = PBXGroup;
			children = (
				04CAA14C2A5C6C2700690D17 /* ThumbCharacterTableViewCell.swift */,
				04CAA14D2A5C6C2700690D17 /* ThumbCharacterTableViewCell.xib */,
			);
			path = Cells;
			sourceTree = "<group>";
		};
		E1AD43B9CDD2573DFF40EAC2 /* Pods */ = {
			isa = PBXGroup;
			children = (
				AE6E71F7C82B46DF0694A5C1 /* Pods-Marvel.debug.xcconfig */,
				6469623646A74A35B7A8F030 /* Pods-Marvel.release.xcconfig */,
				DF775D449D480B97F8028AA0 /* Pods-Marvel-MarvelUITests.debug.xcconfig */,
				70DBAA14FD5C897E72703EDD /* Pods-Marvel-MarvelUITests.release.xcconfig */,
				D3983FA9614061806AE931ED /* Pods-MarvelTests.debug.xcconfig */,
				4A9AB02E779E997052A53EDD /* Pods-MarvelTests.release.xcconfig */,
			);
			path = Pods;
			sourceTree = "<group>";
		};
		F7C4A21F6015BF18C45CD66F /* Frameworks */ = {
			isa = PBXGroup;
			children = (
				489D6F6679969DCF87146570 /* Pods_Marvel.framework */,
				D6D5F64A1D26E5B8105275B3 /* Pods_Marvel_MarvelUITests.framework */,
				60851DD0E14D03576095F6B6 /* Pods_MarvelTests.framework */,
			);
			name = Frameworks;
			sourceTree = "<group>";
		};
/* End PBXGroup section */

/* Begin PBXNativeTarget section */
		0474ED962A5C343300989805 /* Marvel */ = {
			isa = PBXNativeTarget;
			buildConfigurationList = 0474EDC12A5C343600989805 /* Build configuration list for PBXNativeTarget "Marvel" */;
			buildPhases = (
				7FB74CAB90D0D4DFB26A7A26 /* [CP] Check Pods Manifest.lock */,
				0474ED932A5C343300989805 /* Sources */,
				0474ED942A5C343300989805 /* Frameworks */,
				0474ED952A5C343300989805 /* Resources */,
				3B43CB358A53797626C9C3A2 /* [CP] Embed Pods Frameworks */,
			);
			buildRules = (
			);
			dependencies = (
			);
			name = Marvel;
			packageProductDependencies = (
			);
			productName = Marvel;
			productReference = 0474ED972A5C343300989805 /* Marvel.app */;
			productType = "com.apple.product-type.application";
		};
		0474EDAC2A5C343500989805 /* MarvelTests */ = {
			isa = PBXNativeTarget;
			buildConfigurationList = 0474EDC42A5C343600989805 /* Build configuration list for PBXNativeTarget "MarvelTests" */;
			buildPhases = (
				D98A60B3CF9EA9926D1C3FFD /* [CP] Check Pods Manifest.lock */,
				0474EDA92A5C343500989805 /* Sources */,
				0474EDAA2A5C343500989805 /* Frameworks */,
				0474EDAB2A5C343500989805 /* Resources */,
			);
			buildRules = (
			);
			dependencies = (
				0474EDAF2A5C343500989805 /* PBXTargetDependency */,
			);
			name = MarvelTests;
			productName = MarvelTests;
			productReference = 0474EDAD2A5C343500989805 /* MarvelTests.xctest */;
			productType = "com.apple.product-type.bundle.unit-test";
		};
		0474EDB62A5C343600989805 /* MarvelUITests */ = {
			isa = PBXNativeTarget;
			buildConfigurationList = 0474EDC72A5C343600989805 /* Build configuration list for PBXNativeTarget "MarvelUITests" */;
			buildPhases = (
				705F7DBBB026B6618165A004 /* [CP] Check Pods Manifest.lock */,
				0474EDB32A5C343600989805 /* Sources */,
				0474EDB42A5C343600989805 /* Frameworks */,
				0474EDB52A5C343600989805 /* Resources */,
				59D7FA20CADE3F14A66AE8AD /* [CP] Embed Pods Frameworks */,
			);
			buildRules = (
			);
			dependencies = (
				0474EDB92A5C343600989805 /* PBXTargetDependency */,
			);
			name = MarvelUITests;
			productName = MarvelUITests;
			productReference = 0474EDB72A5C343600989805 /* MarvelUITests.xctest */;
			productType = "com.apple.product-type.bundle.ui-testing";
		};
/* End PBXNativeTarget section */

/* Begin PBXProject section */
		0474ED8F2A5C343300989805 /* Project object */ = {
			isa = PBXProject;
			attributes = {
				BuildIndependentTargetsInParallel = 1;
				LastSwiftUpdateCheck = 1430;
				LastUpgradeCheck = 1430;
				TargetAttributes = {
					0474ED962A5C343300989805 = {
						CreatedOnToolsVersion = 14.3;
					};
					0474EDAC2A5C343500989805 = {
						CreatedOnToolsVersion = 14.3;
						TestTargetID = 0474ED962A5C343300989805;
					};
					0474EDB62A5C343600989805 = {
						CreatedOnToolsVersion = 14.3;
						TestTargetID = 0474ED962A5C343300989805;
					};
				};
			};
			buildConfigurationList = 0474ED922A5C343300989805 /* Build configuration list for PBXProject "Marvel" */;
			compatibilityVersion = "Xcode 14.0";
			developmentRegion = en;
			hasScannedForEncodings = 0;
			knownRegions = (
				en,
				Base,
			);
			mainGroup = 0474ED8E2A5C343300989805;
			packageReferences = (
				0474EDCA2A5C365E00989805 /* XCRemoteSwiftPackageReference "firebase-ios-sdk" */,
				043B990F2A5C77720015D6F0 /* XCRemoteSwiftPackageReference "AlamofireImage" */,
			);
			productRefGroup = 0474ED982A5C343300989805 /* Products */;
			projectDirPath = "";
			projectRoot = "";
			targets = (
				0474ED962A5C343300989805 /* Marvel */,
				0474EDAC2A5C343500989805 /* MarvelTests */,
				0474EDB62A5C343600989805 /* MarvelUITests */,
			);
		};
/* End PBXProject section */

/* Begin PBXResourcesBuildPhase section */
		0474ED952A5C343300989805 /* Resources */ = {
			isa = PBXResourcesBuildPhase;
			buildActionMask = 2147483647;
			files = (
				0474EDA72A5C343500989805 /* LaunchScreen.storyboard in Resources */,
				0474EDD02A5C370C00989805 /* GoogleService-Info.plist in Resources */,
				0474EDA42A5C343500989805 /* Assets.xcassets in Resources */,
				04CAA14F2A5C6C2700690D17 /* ThumbCharacterTableViewCell.xib in Resources */,
				0474EDA22A5C343300989805 /* Main.storyboard in Resources */,
			);
			runOnlyForDeploymentPostprocessing = 0;
		};
		0474EDAB2A5C343500989805 /* Resources */ = {
			isa = PBXResourcesBuildPhase;
			buildActionMask = 2147483647;
			files = (
			);
			runOnlyForDeploymentPostprocessing = 0;
		};
		0474EDB52A5C343600989805 /* Resources */ = {
			isa = PBXResourcesBuildPhase;
			buildActionMask = 2147483647;
			files = (
			);
			runOnlyForDeploymentPostprocessing = 0;
		};
/* End PBXResourcesBuildPhase section */

/* Begin PBXShellScriptBuildPhase section */
		3B43CB358A53797626C9C3A2 /* [CP] Embed Pods Frameworks */ = {
			isa = PBXShellScriptBuildPhase;
			buildActionMask = 2147483647;
			files = (
			);
			inputFileListPaths = (
				"${PODS_ROOT}/Target Support Files/Pods-Marvel/Pods-Marvel-frameworks-${CONFIGURATION}-input-files.xcfilelist",
			);
			name = "[CP] Embed Pods Frameworks";
			outputFileListPaths = (
				"${PODS_ROOT}/Target Support Files/Pods-Marvel/Pods-Marvel-frameworks-${CONFIGURATION}-output-files.xcfilelist",
			);
			runOnlyForDeploymentPostprocessing = 0;
			shellPath = /bin/sh;
			shellScript = "\"${PODS_ROOT}/Target Support Files/Pods-Marvel/Pods-Marvel-frameworks.sh\"\n";
			showEnvVarsInLog = 0;
		};
		59D7FA20CADE3F14A66AE8AD /* [CP] Embed Pods Frameworks */ = {
			isa = PBXShellScriptBuildPhase;
			buildActionMask = 2147483647;
			files = (
			);
			inputFileListPaths = (
				"${PODS_ROOT}/Target Support Files/Pods-Marvel-MarvelUITests/Pods-Marvel-MarvelUITests-frameworks-${CONFIGURATION}-input-files.xcfilelist",
			);
			name = "[CP] Embed Pods Frameworks";
			outputFileListPaths = (
				"${PODS_ROOT}/Target Support Files/Pods-Marvel-MarvelUITests/Pods-Marvel-MarvelUITests-frameworks-${CONFIGURATION}-output-files.xcfilelist",
			);
			runOnlyForDeploymentPostprocessing = 0;
			shellPath = /bin/sh;
			shellScript = "\"${PODS_ROOT}/Target Support Files/Pods-Marvel-MarvelUITests/Pods-Marvel-MarvelUITests-frameworks.sh\"\n";
			showEnvVarsInLog = 0;
		};
		705F7DBBB026B6618165A004 /* [CP] Check Pods Manifest.lock */ = {
			isa = PBXShellScriptBuildPhase;
			buildActionMask = 2147483647;
			files = (
			);
			inputFileListPaths = (
			);
			inputPaths = (
				"${PODS_PODFILE_DIR_PATH}/Podfile.lock",
				"${PODS_ROOT}/Manifest.lock",
			);
			name = "[CP] Check Pods Manifest.lock";
			outputFileListPaths = (
			);
			outputPaths = (
				"$(DERIVED_FILE_DIR)/Pods-Marvel-MarvelUITests-checkManifestLockResult.txt",
			);
			runOnlyForDeploymentPostprocessing = 0;
			shellPath = /bin/sh;
			shellScript = "diff \"${PODS_PODFILE_DIR_PATH}/Podfile.lock\" \"${PODS_ROOT}/Manifest.lock\" > /dev/null\nif [ $? != 0 ] ; then\n    # print error to STDERR\n    echo \"error: The sandbox is not in sync with the Podfile.lock. Run 'pod install' or update your CocoaPods installation.\" >&2\n    exit 1\nfi\n# This output is used by Xcode 'outputs' to avoid re-running this script phase.\necho \"SUCCESS\" > \"${SCRIPT_OUTPUT_FILE_0}\"\n";
			showEnvVarsInLog = 0;
		};
		7FB74CAB90D0D4DFB26A7A26 /* [CP] Check Pods Manifest.lock */ = {
			isa = PBXShellScriptBuildPhase;
			buildActionMask = 2147483647;
			files = (
			);
			inputFileListPaths = (
			);
			inputPaths = (
				"${PODS_PODFILE_DIR_PATH}/Podfile.lock",
				"${PODS_ROOT}/Manifest.lock",
			);
			name = "[CP] Check Pods Manifest.lock";
			outputFileListPaths = (
			);
			outputPaths = (
				"$(DERIVED_FILE_DIR)/Pods-Marvel-checkManifestLockResult.txt",
			);
			runOnlyForDeploymentPostprocessing = 0;
			shellPath = /bin/sh;
			shellScript = "diff \"${PODS_PODFILE_DIR_PATH}/Podfile.lock\" \"${PODS_ROOT}/Manifest.lock\" > /dev/null\nif [ $? != 0 ] ; then\n    # print error to STDERR\n    echo \"error: The sandbox is not in sync with the Podfile.lock. Run 'pod install' or update your CocoaPods installation.\" >&2\n    exit 1\nfi\n# This output is used by Xcode 'outputs' to avoid re-running this script phase.\necho \"SUCCESS\" > \"${SCRIPT_OUTPUT_FILE_0}\"\n";
			showEnvVarsInLog = 0;
		};
		D98A60B3CF9EA9926D1C3FFD /* [CP] Check Pods Manifest.lock */ = {
			isa = PBXShellScriptBuildPhase;
			buildActionMask = 2147483647;
			files = (
			);
			inputFileListPaths = (
			);
			inputPaths = (
				"${PODS_PODFILE_DIR_PATH}/Podfile.lock",
				"${PODS_ROOT}/Manifest.lock",
			);
			name = "[CP] Check Pods Manifest.lock";
			outputFileListPaths = (
			);
			outputPaths = (
				"$(DERIVED_FILE_DIR)/Pods-MarvelTests-checkManifestLockResult.txt",
			);
			runOnlyForDeploymentPostprocessing = 0;
			shellPath = /bin/sh;
			shellScript = "diff \"${PODS_PODFILE_DIR_PATH}/Podfile.lock\" \"${PODS_ROOT}/Manifest.lock\" > /dev/null\nif [ $? != 0 ] ; then\n    # print error to STDERR\n    echo \"error: The sandbox is not in sync with the Podfile.lock. Run 'pod install' or update your CocoaPods installation.\" >&2\n    exit 1\nfi\n# This output is used by Xcode 'outputs' to avoid re-running this script phase.\necho \"SUCCESS\" > \"${SCRIPT_OUTPUT_FILE_0}\"\n";
			showEnvVarsInLog = 0;
		};
/* End PBXShellScriptBuildPhase section */

/* Begin PBXSourcesBuildPhase section */
		0474ED932A5C343300989805 /* Sources */ = {
			isa = PBXSourcesBuildPhase;
			buildActionMask = 2147483647;
			files = (
				0474ED9F2A5C343300989805 /* HomeViewController.swift in Sources */,
				043B99162A5C80530015D6F0 /* CharacterDetailsViewController.swift in Sources */,
				043B99142A5C788F0015D6F0 /* ImageDownloader.swift in Sources */,
				0474EDE22A5C478600989805 /* SeriesSummary.swift in Sources */,
				0474EDDE2A5C46E900989805 /* Image.swift in Sources */,
				0474EDE02A5C471500989805 /* SeriesList.swift in Sources */,
				0474ED9B2A5C343300989805 /* AppDelegate.swift in Sources */,
				042E3E792A5DA3E8005BCFA8 /* GFunctions.swift in Sources */,
				0474ED9D2A5C343300989805 /* SceneDelegate.swift in Sources */,
				0474EDD82A5C443500989805 /* CharacterDataWrapper.swift in Sources */,
				0474EDDA2A5C446C00989805 /* CharacterDataContainer.swift in Sources */,
				0474EDE72A5C484D00989805 /* md5.swift in Sources */,
				0474EDD22A5C3E6200989805 /* MarvelAPI.swift in Sources */,
				04CAA14E2A5C6C2700690D17 /* ThumbCharacterTableViewCell.swift in Sources */,
				0474EDD52A5C43E800989805 /* MVLHeroesService.swift in Sources */,
				0474EDE52A5C47E900989805 /* CharacterOptions.swift in Sources */,
				0474EDDC2A5C452400989805 /* Character.swift in Sources */,
			);
			runOnlyForDeploymentPostprocessing = 0;
		};
		0474EDA92A5C343500989805 /* Sources */ = {
			isa = PBXSourcesBuildPhase;
			buildActionMask = 2147483647;
			files = (
				0474EDB22A5C343500989805 /* MarvelTests.swift in Sources */,
			);
			runOnlyForDeploymentPostprocessing = 0;
		};
		0474EDB32A5C343600989805 /* Sources */ = {
			isa = PBXSourcesBuildPhase;
			buildActionMask = 2147483647;
			files = (
				0474EDBC2A5C343600989805 /* MarvelUITests.swift in Sources */,
				0474EDBE2A5C343600989805 /* MarvelUITestsLaunchTests.swift in Sources */,
			);
			runOnlyForDeploymentPostprocessing = 0;
		};
/* End PBXSourcesBuildPhase section */

/* Begin PBXTargetDependency section */
		0474EDAF2A5C343500989805 /* PBXTargetDependency */ = {
			isa = PBXTargetDependency;
			target = 0474ED962A5C343300989805 /* Marvel */;
			targetProxy = 0474EDAE2A5C343500989805 /* PBXContainerItemProxy */;
		};
		0474EDB92A5C343600989805 /* PBXTargetDependency */ = {
			isa = PBXTargetDependency;
			target = 0474ED962A5C343300989805 /* Marvel */;
			targetProxy = 0474EDB82A5C343600989805 /* PBXContainerItemProxy */;
		};
/* End PBXTargetDependency section */

/* Begin PBXVariantGroup section */
		0474EDA02A5C343300989805 /* Main.storyboard */ = {
			isa = PBXVariantGroup;
			children = (
				0474EDA12A5C343300989805 /* Base */,
			);
			name = Main.storyboard;
			sourceTree = "<group>";
		};
		0474EDA52A5C343500989805 /* LaunchScreen.storyboard */ = {
			isa = PBXVariantGroup;
			children = (
				0474EDA62A5C343500989805 /* Base */,
			);
			name = LaunchScreen.storyboard;
			sourceTree = "<group>";
		};
/* End PBXVariantGroup section */

/* Begin XCBuildConfiguration section */
		0474EDBF2A5C343600989805 /* Debug */ = {
			isa = XCBuildConfiguration;
			buildSettings = {
				ALWAYS_SEARCH_USER_PATHS = NO;
				CLANG_ANALYZER_NONNULL = YES;
				CLANG_ANALYZER_NUMBER_OBJECT_CONVERSION = YES_AGGRESSIVE;
				CLANG_CXX_LANGUAGE_STANDARD = "gnu++20";
				CLANG_ENABLE_MODULES = YES;
				CLANG_ENABLE_OBJC_ARC = YES;
				CLANG_ENABLE_OBJC_WEAK = YES;
				CLANG_WARN_BLOCK_CAPTURE_AUTORELEASING = YES;
				CLANG_WARN_BOOL_CONVERSION = YES;
				CLANG_WARN_COMMA = YES;
				CLANG_WARN_CONSTANT_CONVERSION = YES;
				CLANG_WARN_DEPRECATED_OBJC_IMPLEMENTATIONS = YES;
				CLANG_WARN_DIRECT_OBJC_ISA_USAGE = YES_ERROR;
				CLANG_WARN_DOCUMENTATION_COMMENTS = YES;
				CLANG_WARN_EMPTY_BODY = YES;
				CLANG_WARN_ENUM_CONVERSION = YES;
				CLANG_WARN_INFINITE_RECURSION = YES;
				CLANG_WARN_INT_CONVERSION = YES;
				CLANG_WARN_NON_LITERAL_NULL_CONVERSION = YES;
				CLANG_WARN_OBJC_IMPLICIT_RETAIN_SELF = YES;
				CLANG_WARN_OBJC_LITERAL_CONVERSION = YES;
				CLANG_WARN_OBJC_ROOT_CLASS = YES_ERROR;
				CLANG_WARN_QUOTED_INCLUDE_IN_FRAMEWORK_HEADER = YES;
				CLANG_WARN_RANGE_LOOP_ANALYSIS = YES;
				CLANG_WARN_STRICT_PROTOTYPES = YES;
				CLANG_WARN_SUSPICIOUS_MOVE = YES;
				CLANG_WARN_UNGUARDED_AVAILABILITY = YES_AGGRESSIVE;
				CLANG_WARN_UNREACHABLE_CODE = YES;
				CLANG_WARN__DUPLICATE_METHOD_MATCH = YES;
				COPY_PHASE_STRIP = NO;
				DEBUG_INFORMATION_FORMAT = dwarf;
				ENABLE_STRICT_OBJC_MSGSEND = YES;
				ENABLE_TESTABILITY = YES;
				GCC_C_LANGUAGE_STANDARD = gnu11;
				GCC_DYNAMIC_NO_PIC = NO;
				GCC_NO_COMMON_BLOCKS = YES;
				GCC_OPTIMIZATION_LEVEL = 0;
				GCC_PREPROCESSOR_DEFINITIONS = (
					"DEBUG=1",
					"$(inherited)",
				);
				GCC_WARN_64_TO_32_BIT_CONVERSION = YES;
				GCC_WARN_ABOUT_RETURN_TYPE = YES_ERROR;
				GCC_WARN_UNDECLARED_SELECTOR = YES;
				GCC_WARN_UNINITIALIZED_AUTOS = YES_AGGRESSIVE;
				GCC_WARN_UNUSED_FUNCTION = YES;
				GCC_WARN_UNUSED_VARIABLE = YES;
				IPHONEOS_DEPLOYMENT_TARGET = 16.4;
				MTL_ENABLE_DEBUG_INFO = INCLUDE_SOURCE;
				MTL_FAST_MATH = YES;
				ONLY_ACTIVE_ARCH = YES;
				SDKROOT = iphoneos;
				SWIFT_ACTIVE_COMPILATION_CONDITIONS = DEBUG;
				SWIFT_OPTIMIZATION_LEVEL = "-Onone";
			};
			name = Debug;
		};
		0474EDC02A5C343600989805 /* Release */ = {
			isa = XCBuildConfiguration;
			buildSettings = {
				ALWAYS_SEARCH_USER_PATHS = NO;
				CLANG_ANALYZER_NONNULL = YES;
				CLANG_ANALYZER_NUMBER_OBJECT_CONVERSION = YES_AGGRESSIVE;
				CLANG_CXX_LANGUAGE_STANDARD = "gnu++20";
				CLANG_ENABLE_MODULES = YES;
				CLANG_ENABLE_OBJC_ARC = YES;
				CLANG_ENABLE_OBJC_WEAK = YES;
				CLANG_WARN_BLOCK_CAPTURE_AUTORELEASING = YES;
				CLANG_WARN_BOOL_CONVERSION = YES;
				CLANG_WARN_COMMA = YES;
				CLANG_WARN_CONSTANT_CONVERSION = YES;
				CLANG_WARN_DEPRECATED_OBJC_IMPLEMENTATIONS = YES;
				CLANG_WARN_DIRECT_OBJC_ISA_USAGE = YES_ERROR;
				CLANG_WARN_DOCUMENTATION_COMMENTS = YES;
				CLANG_WARN_EMPTY_BODY = YES;
				CLANG_WARN_ENUM_CONVERSION = YES;
				CLANG_WARN_INFINITE_RECURSION = YES;
				CLANG_WARN_INT_CONVERSION = YES;
				CLANG_WARN_NON_LITERAL_NULL_CONVERSION = YES;
				CLANG_WARN_OBJC_IMPLICIT_RETAIN_SELF = YES;
				CLANG_WARN_OBJC_LITERAL_CONVERSION = YES;
				CLANG_WARN_OBJC_ROOT_CLASS = YES_ERROR;
				CLANG_WARN_QUOTED_INCLUDE_IN_FRAMEWORK_HEADER = YES;
				CLANG_WARN_RANGE_LOOP_ANALYSIS = YES;
				CLANG_WARN_STRICT_PROTOTYPES = YES;
				CLANG_WARN_SUSPICIOUS_MOVE = YES;
				CLANG_WARN_UNGUARDED_AVAILABILITY = YES_AGGRESSIVE;
				CLANG_WARN_UNREACHABLE_CODE = YES;
				CLANG_WARN__DUPLICATE_METHOD_MATCH = YES;
				COPY_PHASE_STRIP = NO;
				DEBUG_INFORMATION_FORMAT = "dwarf-with-dsym";
				ENABLE_NS_ASSERTIONS = NO;
				ENABLE_STRICT_OBJC_MSGSEND = YES;
				GCC_C_LANGUAGE_STANDARD = gnu11;
				GCC_NO_COMMON_BLOCKS = YES;
				GCC_WARN_64_TO_32_BIT_CONVERSION = YES;
				GCC_WARN_ABOUT_RETURN_TYPE = YES_ERROR;
				GCC_WARN_UNDECLARED_SELECTOR = YES;
				GCC_WARN_UNINITIALIZED_AUTOS = YES_AGGRESSIVE;
				GCC_WARN_UNUSED_FUNCTION = YES;
				GCC_WARN_UNUSED_VARIABLE = YES;
				IPHONEOS_DEPLOYMENT_TARGET = 16.4;
				MTL_ENABLE_DEBUG_INFO = NO;
				MTL_FAST_MATH = YES;
				SDKROOT = iphoneos;
				SWIFT_COMPILATION_MODE = wholemodule;
				SWIFT_OPTIMIZATION_LEVEL = "-O";
				VALIDATE_PRODUCT = YES;
			};
			name = Release;
		};
		0474EDC22A5C343600989805 /* Debug */ = {
			isa = XCBuildConfiguration;
			baseConfigurationReference = AE6E71F7C82B46DF0694A5C1 /* Pods-Marvel.debug.xcconfig */;
			buildSettings = {
				ASSETCATALOG_COMPILER_APPICON_NAME = AppIcon;
				ASSETCATALOG_COMPILER_GLOBAL_ACCENT_COLOR_NAME = AccentColor;
				CODE_SIGN_STYLE = Automatic;
				CURRENT_PROJECT_VERSION = 1;
				DEVELOPMENT_TEAM = W5Q8K4TABD;
				GENERATE_INFOPLIST_FILE = YES;
				INFOPLIST_FILE = Marvel/Info.plist;
				INFOPLIST_KEY_UIApplicationSupportsIndirectInputEvents = YES;
				INFOPLIST_KEY_UILaunchStoryboardName = LaunchScreen;
				INFOPLIST_KEY_UIMainStoryboardFile = Main;
				INFOPLIST_KEY_UISupportedInterfaceOrientations = "UIInterfaceOrientationLandscapeLeft UIInterfaceOrientationPortrait";
				INFOPLIST_KEY_UISupportedInterfaceOrientations_iPad = "UIInterfaceOrientationLandscapeLeft UIInterfaceOrientationLandscapeRight UIInterfaceOrientationPortrait UIInterfaceOrientationPortraitUpsideDown";
				INFOPLIST_KEY_UIUserInterfaceStyle = Light;
				LD_RUNPATH_SEARCH_PATHS = (
					"$(inherited)",
					"@executable_path/Frameworks",
				);
				MARKETING_VERSION = 1.0;
				PRODUCT_BUNDLE_IDENTIFIER = imps.Marvel;
				PRODUCT_NAME = "$(TARGET_NAME)";
				SWIFT_EMIT_LOC_STRINGS = YES;
				SWIFT_VERSION = 5.0;
				TARGETED_DEVICE_FAMILY = "1,2";
			};
			name = Debug;
		};
		0474EDC32A5C343600989805 /* Release */ = {
			isa = XCBuildConfiguration;
			baseConfigurationReference = 6469623646A74A35B7A8F030 /* Pods-Marvel.release.xcconfig */;
			buildSettings = {
				ASSETCATALOG_COMPILER_APPICON_NAME = AppIcon;
				ASSETCATALOG_COMPILER_GLOBAL_ACCENT_COLOR_NAME = AccentColor;
				CODE_SIGN_STYLE = Automatic;
				CURRENT_PROJECT_VERSION = 1;
				DEVELOPMENT_TEAM = W5Q8K4TABD;
				GENERATE_INFOPLIST_FILE = YES;
				INFOPLIST_FILE = Marvel/Info.plist;
				INFOPLIST_KEY_UIApplicationSupportsIndirectInputEvents = YES;
				INFOPLIST_KEY_UILaunchStoryboardName = LaunchScreen;
				INFOPLIST_KEY_UIMainStoryboardFile = Main;
				INFOPLIST_KEY_UISupportedInterfaceOrientations = "UIInterfaceOrientationLandscapeLeft UIInterfaceOrientationPortrait";
				INFOPLIST_KEY_UISupportedInterfaceOrientations_iPad = "UIInterfaceOrientationLandscapeLeft UIInterfaceOrientationLandscapeRight UIInterfaceOrientationPortrait UIInterfaceOrientationPortraitUpsideDown";
				INFOPLIST_KEY_UIUserInterfaceStyle = Light;
				LD_RUNPATH_SEARCH_PATHS = (
					"$(inherited)",
					"@executable_path/Frameworks",
				);
				MARKETING_VERSION = 1.0;
				PRODUCT_BUNDLE_IDENTIFIER = imps.Marvel;
				PRODUCT_NAME = "$(TARGET_NAME)";
				SWIFT_EMIT_LOC_STRINGS = YES;
				SWIFT_VERSION = 5.0;
				TARGETED_DEVICE_FAMILY = "1,2";
			};
			name = Release;
		};
		0474EDC52A5C343600989805 /* Debug */ = {
			isa = XCBuildConfiguration;
			baseConfigurationReference = D3983FA9614061806AE931ED /* Pods-MarvelTests.debug.xcconfig */;
			buildSettings = {
				ALWAYS_EMBED_SWIFT_STANDARD_LIBRARIES = YES;
				BUNDLE_LOADER = "$(TEST_HOST)";
				CODE_SIGN_STYLE = Automatic;
				CURRENT_PROJECT_VERSION = 1;
				DEVELOPMENT_TEAM = W5Q8K4TABD;
				GENERATE_INFOPLIST_FILE = YES;
				IPHONEOS_DEPLOYMENT_TARGET = 16.4;
				MARKETING_VERSION = 1.0;
				PRODUCT_BUNDLE_IDENTIFIER = imps.MarvelTests;
				PRODUCT_NAME = "$(TARGET_NAME)";
				SWIFT_EMIT_LOC_STRINGS = NO;
				SWIFT_VERSION = 5.0;
				TARGETED_DEVICE_FAMILY = "1,2";
				TEST_HOST = "$(BUILT_PRODUCTS_DIR)/Marvel.app/$(BUNDLE_EXECUTABLE_FOLDER_PATH)/Marvel";
			};
			name = Debug;
		};
		0474EDC62A5C343600989805 /* Release */ = {
			isa = XCBuildConfiguration;
			baseConfigurationReference = 4A9AB02E779E997052A53EDD /* Pods-MarvelTests.release.xcconfig */;
			buildSettings = {
				ALWAYS_EMBED_SWIFT_STANDARD_LIBRARIES = YES;
				BUNDLE_LOADER = "$(TEST_HOST)";
				CODE_SIGN_STYLE = Automatic;
				CURRENT_PROJECT_VERSION = 1;
				DEVELOPMENT_TEAM = W5Q8K4TABD;
				GENERATE_INFOPLIST_FILE = YES;
				IPHONEOS_DEPLOYMENT_TARGET = 16.4;
				MARKETING_VERSION = 1.0;
				PRODUCT_BUNDLE_IDENTIFIER = imps.MarvelTests;
				PRODUCT_NAME = "$(TARGET_NAME)";
				SWIFT_EMIT_LOC_STRINGS = NO;
				SWIFT_VERSION = 5.0;
				TARGETED_DEVICE_FAMILY = "1,2";
				TEST_HOST = "$(BUILT_PRODUCTS_DIR)/Marvel.app/$(BUNDLE_EXECUTABLE_FOLDER_PATH)/Marvel";
			};
			name = Release;
		};
		0474EDC82A5C343600989805 /* Debug */ = {
			isa = XCBuildConfiguration;
			baseConfigurationReference = DF775D449D480B97F8028AA0 /* Pods-Marvel-MarvelUITests.debug.xcconfig */;
			buildSettings = {
				ALWAYS_EMBED_SWIFT_STANDARD_LIBRARIES = YES;
				CODE_SIGN_STYLE = Automatic;
				CURRENT_PROJECT_VERSION = 1;
				DEVELOPMENT_TEAM = W5Q8K4TABD;
				GENERATE_INFOPLIST_FILE = YES;
				MARKETING_VERSION = 1.0;
				PRODUCT_BUNDLE_IDENTIFIER = imps.MarvelUITests;
				PRODUCT_NAME = "$(TARGET_NAME)";
				SWIFT_EMIT_LOC_STRINGS = NO;
				SWIFT_VERSION = 5.0;
				TARGETED_DEVICE_FAMILY = "1,2";
				TEST_TARGET_NAME = Marvel;
			};
			name = Debug;
		};
		0474EDC92A5C343600989805 /* Release */ = {
			isa = XCBuildConfiguration;
			baseConfigurationReference = 70DBAA14FD5C897E72703EDD /* Pods-Marvel-MarvelUITests.release.xcconfig */;
			buildSettings = {
				ALWAYS_EMBED_SWIFT_STANDARD_LIBRARIES = YES;
				CODE_SIGN_STYLE = Automatic;
				CURRENT_PROJECT_VERSION = 1;
				DEVELOPMENT_TEAM = W5Q8K4TABD;
				GENERATE_INFOPLIST_FILE = YES;
				MARKETING_VERSION = 1.0;
				PRODUCT_BUNDLE_IDENTIFIER = imps.MarvelUITests;
				PRODUCT_NAME = "$(TARGET_NAME)";
				SWIFT_EMIT_LOC_STRINGS = NO;
				SWIFT_VERSION = 5.0;
				TARGETED_DEVICE_FAMILY = "1,2";
				TEST_TARGET_NAME = Marvel;
			};
			name = Release;
		};
/* End XCBuildConfiguration section */

/* Begin XCConfigurationList section */
		0474ED922A5C343300989805 /* Build configuration list for PBXProject "Marvel" */ = {
			isa = XCConfigurationList;
			buildConfigurations = (
				0474EDBF2A5C343600989805 /* Debug */,
				0474EDC02A5C343600989805 /* Release */,
			);
			defaultConfigurationIsVisible = 0;
			defaultConfigurationName = Release;
		};
		0474EDC12A5C343600989805 /* Build configuration list for PBXNativeTarget "Marvel" */ = {
			isa = XCConfigurationList;
			buildConfigurations = (
				0474EDC22A5C343600989805 /* Debug */,
				0474EDC32A5C343600989805 /* Release */,
			);
			defaultConfigurationIsVisible = 0;
			defaultConfigurationName = Release;
		};
		0474EDC42A5C343600989805 /* Build configuration list for PBXNativeTarget "MarvelTests" */ = {
			isa = XCConfigurationList;
			buildConfigurations = (
				0474EDC52A5C343600989805 /* Debug */,
				0474EDC62A5C343600989805 /* Release */,
			);
			defaultConfigurationIsVisible = 0;
			defaultConfigurationName = Release;
		};
		0474EDC72A5C343600989805 /* Build configuration list for PBXNativeTarget "MarvelUITests" */ = {
			isa = XCConfigurationList;
			buildConfigurations = (
				0474EDC82A5C343600989805 /* Debug */,
				0474EDC92A5C343600989805 /* Release */,
			);
			defaultConfigurationIsVisible = 0;
			defaultConfigurationName = Release;
		};
/* End XCConfigurationList section */

/* Begin XCRemoteSwiftPackageReference section */
		043B990F2A5C77720015D6F0 /* XCRemoteSwiftPackageReference "AlamofireImage" */ = {
			isa = XCRemoteSwiftPackageReference;
			repositoryURL = "https://github.com/Alamofire/AlamofireImage.git";
			requirement = {
				kind = upToNextMajorVersion;
				minimumVersion = 4.0.0;
			};
		};
		0474EDCA2A5C365E00989805 /* XCRemoteSwiftPackageReference "firebase-ios-sdk" */ = {
			isa = XCRemoteSwiftPackageReference;
			repositoryURL = "https://github.com/firebase/firebase-ios-sdk";
			requirement = {
				kind = upToNextMajorVersion;
				minimumVersion = 10.0.0;
			};
		};
/* End XCRemoteSwiftPackageReference section */
	};
	rootObject = 0474ED8F2A5C343300989805 /* Project object */;
}
